
Microsoft Visual Studio Solution File, Format Version 12.00
# Visual Studio Version 17
VisualStudioVersion = 17.8.34330.188
MinimumVisualStudioVersion = 10.0.40219.1
Project("{2150E333-8FDC-42A3-9474-1A3956D46DE8}") = "1.Fundamentals", "1.Fundamentals", "{1F534CAE-A4A0-4730-973A-67C6FFCAEFA2}"
EndProject
Project("{2150E333-8FDC-42A3-9474-1A3956D46DE8}") = "src", "src", "{0172D4E6-2DEF-49E8-A3E3-A34C06492279}"
EndProject
Project("{2150E333-8FDC-42A3-9474-1A3956D46DE8}") = "test", "test", "{AF6CE3E5-CAE9-4B44-950A-B5A72969DC93}"
EndProject
Project("{9A19103F-16F7-4668-BE54-9A1E7A4F7556}") = "CalculatorLibrary", "1.Fundamentals\src\CalculatorLibrary\CalculatorLibrary.csproj", "{5C0E3782-421F-494E-8FE6-37DA17B0B024}"
EndProject
Project("{9A19103F-16F7-4668-BE54-9A1E7A4F7556}") = "CalculatorLibrary.Tests.UnitTest", "1.Fundamentals\tests\CalculatorLibrary.Tests.UnitTest\CalculatorLibrary.Tests.UnitTest.csproj", "{686102FB-FD6E-4A24-AD22-C5F84615BE0B}"
EndProject
Project("{2150E333-8FDC-42A3-9474-1A3956D46DE8}") = "2.RealWorld", "2.RealWorld", "{153A66D4-149F-45FD-83A0-F0D8E44678EC}"
EndProject
Project("{2150E333-8FDC-42A3-9474-1A3956D46DE8}") = "src", "src", "{C4C2AB0C-8524-40C4-8AC0-34C2055D5162}"
EndProject
Project("{2150E333-8FDC-42A3-9474-1A3956D46DE8}") = "tests", "tests", "{E304F117-E349-4F53-9A8B-CB236F46DD02}"
EndProject
Project("{FAE04EC0-301F-11D3-BF4B-00C04F79EFBC}") = "RealWorld.WebAPI", "2.RealWorld\src\RealWorld.WebAPI\RealWorld.WebAPI.csproj", "{4D630E08-A0EA-417B-B268-96A0C5B21EC8}"
EndProject
Project("{FAE04EC0-301F-11D3-BF4B-00C04F79EFBC}") = "Users.API.Tests.Unit", "2.RealWorld\tests\Users.API.Tests.Unit\Users.API.Tests.Unit.csproj", "{CF83F07D-6480-4D66-96AB-6164BD7BB54F}"
EndProject
Global
	GlobalSection(SolutionConfigurationPlatforms) = preSolution
		Debug|Any CPU = Debug|Any CPU
		Release|Any CPU = Release|Any CPU
	EndGlobalSection
	GlobalSection(ProjectConfigurationPlatforms) = postSolution
		{5C0E3782-421F-494E-8FE6-37DA17B0B024}.Debug|Any CPU.ActiveCfg = Debug|Any CPU
		{5C0E3782-421F-494E-8FE6-37DA17B0B024}.Debug|Any CPU.Build.0 = Debug|Any CPU
		{5C0E3782-421F-494E-8FE6-37DA17B0B024}.Release|Any CPU.ActiveCfg = Release|Any CPU
		{5C0E3782-421F-494E-8FE6-37DA17B0B024}.Release|Any CPU.Build.0 = Release|Any CPU
		{686102FB-FD6E-4A24-AD22-C5F84615BE0B}.Debug|Any CPU.ActiveCfg = Debug|Any CPU
		{686102FB-FD6E-4A24-AD22-C5F84615BE0B}.Debug|Any CPU.Build.0 = Debug|Any CPU
		{686102FB-FD6E-4A24-AD22-C5F84615BE0B}.Release|Any CPU.ActiveCfg = Release|Any CPU
		{686102FB-FD6E-4A24-AD22-C5F84615BE0B}.Release|Any CPU.Build.0 = Release|Any CPU
		{4D630E08-A0EA-417B-B268-96A0C5B21EC8}.Debug|Any CPU.ActiveCfg = Debug|Any CPU
		{4D630E08-A0EA-417B-B268-96A0C5B21EC8}.Debug|Any CPU.Build.0 = Debug|Any CPU
		{4D630E08-A0EA-417B-B268-96A0C5B21EC8}.Release|Any CPU.ActiveCfg = Release|Any CPU
		{4D630E08-A0EA-417B-B268-96A0C5B21EC8}.Release|Any CPU.Build.0 = Release|Any CPU
		{CF83F07D-6480-4D66-96AB-6164BD7BB54F}.Debug|Any CPU.ActiveCfg = Debug|Any CPU
		{CF83F07D-6480-4D66-96AB-6164BD7BB54F}.Debug|Any CPU.Build.0 = Debug|Any CPU
		{CF83F07D-6480-4D66-96AB-6164BD7BB54F}.Release|Any CPU.ActiveCfg = Release|Any CPU
		{CF83F07D-6480-4D66-96AB-6164BD7BB54F}.Release|Any CPU.Build.0 = Release|Any CPU
	EndGlobalSection
	GlobalSection(SolutionProperties) = preSolution
		HideSolutionNode = FALSE
	EndGlobalSection
	GlobalSection(NestedProjects) = preSolution
		{0172D4E6-2DEF-49E8-A3E3-A34C06492279} = {1F534CAE-A4A0-4730-973A-67C6FFCAEFA2}
		{AF6CE3E5-CAE9-4B44-950A-B5A72969DC93} = {1F534CAE-A4A0-4730-973A-67C6FFCAEFA2}
		{5C0E3782-421F-494E-8FE6-37DA17B0B024} = {0172D4E6-2DEF-49E8-A3E3-A34C06492279}
		{686102FB-FD6E-4A24-AD22-C5F84615BE0B} = {AF6CE3E5-CAE9-4B44-950A-B5A72969DC93}
		{C4C2AB0C-8524-40C4-8AC0-34C2055D5162} = {153A66D4-149F-45FD-83A0-F0D8E44678EC}
		{E304F117-E349-4F53-9A8B-CB236F46DD02} = {153A66D4-149F-45FD-83A0-F0D8E44678EC}
		{4D630E08-A0EA-417B-B268-96A0C5B21EC8} = {C4C2AB0C-8524-40C4-8AC0-34C2055D5162}
		{CF83F07D-6480-4D66-96AB-6164BD7BB54F} = {E304F117-E349-4F53-9A8B-CB236F46DD02}
	EndGlobalSection
	GlobalSection(ExtensibilityGlobals) = postSolution
		SolutionGuid = {51FB8613-4135-44AD-B985-D3CF5EF34701}
	EndGlobalSection
EndGlobal
