
Microsoft Visual Studio Solution File, Format Version 12.00
# Visual Studio Version 17
VisualStudioVersion = 17.8.34330.188
MinimumVisualStudioVersion = 10.0.40219.1
Project("{FAE04EC0-301F-11D3-BF4B-00C04F79EFBC}") = "eSohbetServer.WebAPI", "eSohbetServer.WebAPI\eSohbetServer.WebAPI.csproj", "{634EA879-4C93-47B8-9E30-663865FC27B6}"
EndProject
Global
	GlobalSection(SolutionConfigurationPlatforms) = preSolution
		Debug|Any CPU = Debug|Any CPU
		Release|Any CPU = Release|Any CPU
	EndGlobalSection
	GlobalSection(ProjectConfigurationPlatforms) = postSolution
		{634EA879-4C93-47B8-9E30-663865FC27B6}.Debug|Any CPU.ActiveCfg = Debug|Any CPU
		{634EA879-4C93-47B8-9E30-663865FC27B6}.Debug|Any CPU.Build.0 = Debug|Any CPU
		{634EA879-4C93-47B8-9E30-663865FC27B6}.Release|Any CPU.ActiveCfg = Release|Any CPU
		{634EA879-4C93-47B8-9E30-663865FC27B6}.Release|Any CPU.Build.0 = Release|Any CPU
	EndGlobalSection
	GlobalSection(SolutionProperties) = preSolution
		HideSolutionNode = FALSE
	EndGlobalSection
	GlobalSection(ExtensibilityGlobals) = postSolution
		SolutionGuid = {14CF9C86-D310-4340-841C-4E2400B2718D}
	EndGlobalSection
EndGlobal
